
Microsoft Visual Studio Solution File, Format Version 12.00
# Visual Studio Version 17
VisualStudioVersion = 17.11.35222.181
MinimumVisualStudioVersion = 10.0.40219.1
Project("{FAE04EC0-301F-11D3-BF4B-00C04F79EFBC}") = "Dialog", "Dialog\Dialog.csproj", "{C55CF882-C6CE-48C5-BB3A-81B278D18DDE}"
EndProject
Global
	GlobalSection(SolutionConfigurationPlatforms) = preSolution
		Debug|Any CPU = Debug|Any CPU
		Release|Any CPU = Release|Any CPU
	EndGlobalSection
	GlobalSection(ProjectConfigurationPlatforms) = postSolution
		{C55CF882-C6CE-48C5-BB3A-81B278D18DDE}.Debug|Any CPU.ActiveCfg = Debug|Any CPU
		{C55CF882-C6CE-48C5-BB3A-81B278D18DDE}.Debug|Any CPU.Build.0 = Debug|Any CPU
		{C55CF882-C6CE-48C5-BB3A-81B278D18DDE}.Release|Any CPU.ActiveCfg = Release|Any CPU
		{C55CF882-C6CE-48C5-BB3A-81B278D18DDE}.Release|Any CPU.Build.0 = Release|Any CPU
	EndGlobalSection
	GlobalSection(SolutionProperties) = preSolution
		HideSolutionNode = FALSE
	EndGlobalSection
	GlobalSection(ExtensibilityGlobals) = postSolution
		SolutionGuid = {2A8279DF-C3E8-485D-A917-792044744245}
	EndGlobalSection
EndGlobal
